
Microsoft Visual Studio Solution File, Format Version 12.00
# Visual Studio Version 17
VisualStudioVersion = 17.11.35327.3
MinimumVisualStudioVersion = 10.0.40219.1
Project("{2150E333-8FDC-42A3-9474-1A3956D46DE8}") = "0_Base", "0_Base", "{D9955696-1092-477A-BC9F-F804BB7D2812}"
EndProject
Project("{2150E333-8FDC-42A3-9474-1A3956D46DE8}") = "1_OS", "1_OS", "{186B574F-51B5-40B1-9249-FD034E10EF3F}"
EndProject
Project("{2150E333-8FDC-42A3-9474-1A3956D46DE8}") = "2_Engine", "2_Engine", "{E1971E44-A77A-4BB3-AC90-CBE94339978B}"
EndProject
Project("{2150E333-8FDC-42A3-9474-1A3956D46DE8}") = "3_Contents", "3_Contents", "{6505F497-56B3-4709-A53F-F949142FE16C}"
EndProject
Project("{2150E333-8FDC-42A3-9474-1A3956D46DE8}") = "4_App", "4_App", "{CB54CAB3-A60B-4C8C-B331-CE1C603202DC}"
EndProject
Project("{8BC9CEB8-8B4A-11D0-8D11-00A0C91BC942}") = "EngineBase", "EngineBase\EngineBase.vcxproj", "{47E3AAD8-CC6C-46C3-86C8-B7CA1A81DA66}"
EndProject
Project("{8BC9CEB8-8B4A-11D0-8D11-00A0C91BC942}") = "EnginePlatform", "EnginePlatform\EnginePlatform.vcxproj", "{F9CE566D-792C-41F3-A621-26F0A42CBA9C}"
	ProjectSection(ProjectDependencies) = postProject
		{47E3AAD8-CC6C-46C3-86C8-B7CA1A81DA66} = {47E3AAD8-CC6C-46C3-86C8-B7CA1A81DA66}
	EndProjectSection
EndProject
Project("{8BC9CEB8-8B4A-11D0-8D11-00A0C91BC942}") = "EngineCore", "EngineCore\EngineCore.vcxproj", "{E912F146-A8CE-43F3-AA89-C50B132307F5}"
	ProjectSection(ProjectDependencies) = postProject
		{47E3AAD8-CC6C-46C3-86C8-B7CA1A81DA66} = {47E3AAD8-CC6C-46C3-86C8-B7CA1A81DA66}
		{F9CE566D-792C-41F3-A621-26F0A42CBA9C} = {F9CE566D-792C-41F3-A621-26F0A42CBA9C}
	EndProjectSection
EndProject
Project("{8BC9CEB8-8B4A-11D0-8D11-00A0C91BC942}") = "ContentsProject", "ContentsProject\ContentsProject.vcxproj", "{FF6353C1-F445-4001-AA75-89EA5F23AD81}"
	ProjectSection(ProjectDependencies) = postProject
		{47E3AAD8-CC6C-46C3-86C8-B7CA1A81DA66} = {47E3AAD8-CC6C-46C3-86C8-B7CA1A81DA66}
		{E912F146-A8CE-43F3-AA89-C50B132307F5} = {E912F146-A8CE-43F3-AA89-C50B132307F5}
		{F9CE566D-792C-41F3-A621-26F0A42CBA9C} = {F9CE566D-792C-41F3-A621-26F0A42CBA9C}
	EndProjectSection
EndProject
Project("{8BC9CEB8-8B4A-11D0-8D11-00A0C91BC942}") = "App", "App\App.vcxproj", "{8E711A9D-CA61-49ED-A0BE-0E1913D78823}"
	ProjectSection(ProjectDependencies) = postProject
		{47E3AAD8-CC6C-46C3-86C8-B7CA1A81DA66} = {47E3AAD8-CC6C-46C3-86C8-B7CA1A81DA66}
		{E912F146-A8CE-43F3-AA89-C50B132307F5} = {E912F146-A8CE-43F3-AA89-C50B132307F5}
		{F9CE566D-792C-41F3-A621-26F0A42CBA9C} = {F9CE566D-792C-41F3-A621-26F0A42CBA9C}
		{FF6353C1-F445-4001-AA75-89EA5F23AD81} = {FF6353C1-F445-4001-AA75-89EA5F23AD81}
	EndProjectSection
EndProject
Global
	GlobalSection(SolutionConfigurationPlatforms) = preSolution
		Debug|x64 = Debug|x64
		Debug|x86 = Debug|x86
		Release|x64 = Release|x64
		Release|x86 = Release|x86
	EndGlobalSection
	GlobalSection(ProjectConfigurationPlatforms) = postSolution
		{47E3AAD8-CC6C-46C3-86C8-B7CA1A81DA66}.Debug|x64.ActiveCfg = Debug|x64
		{47E3AAD8-CC6C-46C3-86C8-B7CA1A81DA66}.Debug|x64.Build.0 = Debug|x64
		{47E3AAD8-CC6C-46C3-86C8-B7CA1A81DA66}.Debug|x86.ActiveCfg = Debug|Win32
		{47E3AAD8-CC6C-46C3-86C8-B7CA1A81DA66}.Debug|x86.Build.0 = Debug|Win32
		{47E3AAD8-CC6C-46C3-86C8-B7CA1A81DA66}.Release|x64.ActiveCfg = Release|x64
		{47E3AAD8-CC6C-46C3-86C8-B7CA1A81DA66}.Release|x64.Build.0 = Release|x64
		{47E3AAD8-CC6C-46C3-86C8-B7CA1A81DA66}.Release|x86.ActiveCfg = Release|Win32
		{47E3AAD8-CC6C-46C3-86C8-B7CA1A81DA66}.Release|x86.Build.0 = Release|Win32
		{F9CE566D-792C-41F3-A621-26F0A42CBA9C}.Debug|x64.ActiveCfg = Debug|x64
		{F9CE566D-792C-41F3-A621-26F0A42CBA9C}.Debug|x64.Build.0 = Debug|x64
		{F9CE566D-792C-41F3-A621-26F0A42CBA9C}.Debug|x86.ActiveCfg = Debug|Win32
		{F9CE566D-792C-41F3-A621-26F0A42CBA9C}.Debug|x86.Build.0 = Debug|Win32
		{F9CE566D-792C-41F3-A621-26F0A42CBA9C}.Release|x64.ActiveCfg = Release|x64
		{F9CE566D-792C-41F3-A621-26F0A42CBA9C}.Release|x64.Build.0 = Release|x64
		{F9CE566D-792C-41F3-A621-26F0A42CBA9C}.Release|x86.ActiveCfg = Release|Win32
		{F9CE566D-792C-41F3-A621-26F0A42CBA9C}.Release|x86.Build.0 = Release|Win32
		{E912F146-A8CE-43F3-AA89-C50B132307F5}.Debug|x64.ActiveCfg = Debug|x64
		{E912F146-A8CE-43F3-AA89-C50B132307F5}.Debug|x64.Build.0 = Debug|x64
		{E912F146-A8CE-43F3-AA89-C50B132307F5}.Debug|x86.ActiveCfg = Debug|Win32
		{E912F146-A8CE-43F3-AA89-C50B132307F5}.Debug|x86.Build.0 = Debug|Win32
		{E912F146-A8CE-43F3-AA89-C50B132307F5}.Release|x64.ActiveCfg = Release|x64
		{E912F146-A8CE-43F3-AA89-C50B132307F5}.Release|x64.Build.0 = Release|x64
		{E912F146-A8CE-43F3-AA89-C50B132307F5}.Release|x86.ActiveCfg = Release|Win32
		{E912F146-A8CE-43F3-AA89-C50B132307F5}.Release|x86.Build.0 = Release|Win32
		{FF6353C1-F445-4001-AA75-89EA5F23AD81}.Debug|x64.ActiveCfg = Debug|x64
		{FF6353C1-F445-4001-AA75-89EA5F23AD81}.Debug|x64.Build.0 = Debug|x64
		{FF6353C1-F445-4001-AA75-89EA5F23AD81}.Debug|x86.ActiveCfg = Debug|Win32
		{FF6353C1-F445-4001-AA75-89EA5F23AD81}.Debug|x86.Build.0 = Debug|Win32
		{FF6353C1-F445-4001-AA75-89EA5F23AD81}.Release|x64.ActiveCfg = Release|x64
		{FF6353C1-F445-4001-AA75-89EA5F23AD81}.Release|x64.Build.0 = Release|x64
		{FF6353C1-F445-4001-AA75-89EA5F23AD81}.Release|x86.ActiveCfg = Release|Win32
		{FF6353C1-F445-4001-AA75-89EA5F23AD81}.Release|x86.Build.0 = Release|Win32
		{8E711A9D-CA61-49ED-A0BE-0E1913D78823}.Debug|x64.ActiveCfg = Debug|x64
		{8E711A9D-CA61-49ED-A0BE-0E1913D78823}.Debug|x64.Build.0 = Debug|x64
		{8E711A9D-CA61-49ED-A0BE-0E1913D78823}.Debug|x86.ActiveCfg = Debug|Win32
		{8E711A9D-CA61-49ED-A0BE-0E1913D78823}.Debug|x86.Build.0 = Debug|Win32
		{8E711A9D-CA61-49ED-A0BE-0E1913D78823}.Release|x64.ActiveCfg = Release|x64
		{8E711A9D-CA61-49ED-A0BE-0E1913D78823}.Release|x64.Build.0 = Release|x64
		{8E711A9D-CA61-49ED-A0BE-0E1913D78823}.Release|x86.ActiveCfg = Release|Win32
		{8E711A9D-CA61-49ED-A0BE-0E1913D78823}.Release|x86.Build.0 = Release|Win32
	EndGlobalSection
	GlobalSection(SolutionProperties) = preSolution
		HideSolutionNode = FALSE
	EndGlobalSection
	GlobalSection(NestedProjects) = preSolution
		{47E3AAD8-CC6C-46C3-86C8-B7CA1A81DA66} = {D9955696-1092-477A-BC9F-F804BB7D2812}
		{F9CE566D-792C-41F3-A621-26F0A42CBA9C} = {186B574F-51B5-40B1-9249-FD034E10EF3F}
		{E912F146-A8CE-43F3-AA89-C50B132307F5} = {E1971E44-A77A-4BB3-AC90-CBE94339978B}
		{FF6353C1-F445-4001-AA75-89EA5F23AD81} = {6505F497-56B3-4709-A53F-F949142FE16C}
		{8E711A9D-CA61-49ED-A0BE-0E1913D78823} = {CB54CAB3-A60B-4C8C-B331-CE1C603202DC}
	EndGlobalSection
	GlobalSection(ExtensibilityGlobals) = postSolution
		SolutionGuid = {A54EAC37-AA94-48C8-A3A6-095081E2570E}
	EndGlobalSection
EndGlobal
